
Microsoft Visual Studio Solution File, Format Version 12.00
# Visual Studio 15
VisualStudioVersion = 15.0.27130.2020
MinimumVisualStudioVersion = 10.0.40219.1
Project("{FAE04EC0-301F-11D3-BF4B-00C04F79EFBC}") = "Florae_Basket", "Florae_Basket\Florae_Basket.csproj", "{4BAAD2C3-6EB2-46BF-BBDC-B46FDB40F46F}"
EndProject
Project("{2150E333-8FDC-42A3-9474-1A3956D46DE8}") = "Solution Items", "Solution Items", "{AE6247A9-E0A8-4706-9FEF-3B80ABB9387B}"
	ProjectSection(SolutionItems) = preProject
		Florae_Basket\bin\Pics\flower.jpg = Florae_Basket\bin\Pics\flower.jpg
	EndProjectSection
EndProject
Global
	GlobalSection(SolutionConfigurationPlatforms) = preSolution
		Debug|Any CPU = Debug|Any CPU
		Release|Any CPU = Release|Any CPU
	EndGlobalSection
	GlobalSection(ProjectConfigurationPlatforms) = postSolution
		{4BAAD2C3-6EB2-46BF-BBDC-B46FDB40F46F}.Debug|Any CPU.ActiveCfg = Debug|Any CPU
		{4BAAD2C3-6EB2-46BF-BBDC-B46FDB40F46F}.Debug|Any CPU.Build.0 = Debug|Any CPU
		{4BAAD2C3-6EB2-46BF-BBDC-B46FDB40F46F}.Release|Any CPU.ActiveCfg = Release|Any CPU
		{4BAAD2C3-6EB2-46BF-BBDC-B46FDB40F46F}.Release|Any CPU.Build.0 = Release|Any CPU
	EndGlobalSection
	GlobalSection(SolutionProperties) = preSolution
		HideSolutionNode = FALSE
	EndGlobalSection
	GlobalSection(ExtensibilityGlobals) = postSolution
		SolutionGuid = {5AB5AAF2-2C27-4E1A-8B53-42A3C71D83A3}
	EndGlobalSection
EndGlobal
